{
  "name": "cristhyandenis",
  "lockfileVersion": 2,
  "requires": true,
  "packages": {
    "": {
      "dependencies": {
        "@vercel/analytics": "^1.4.1",
        "import": "^0.0.6"
      }
    },
    "node_modules/@vercel/analytics": {
      "version": "1.4.1",
      "resolved": "https://registry.npmjs.org/@vercel/analytics/-/analytics-1.4.1.tgz",
      "integrity": "sha512-ekpL4ReX2TH3LnrRZTUKjHHNpNy9S1I7QmS+g/RQXoSUQ8ienzosuX7T9djZ/s8zPhBx1mpHP/Rw5875N+zQIQ==",
      "peerDependencies": {
        "@remix-run/react": "^2",
        "@sveltejs/kit": "^1 || ^2",
        "next": ">= 13",
        "react": "^18 || ^19 || ^19.0.0-rc",
        "svelte": ">= 4",
        "vue": "^3",
        "vue-router": "^4"
      },
      "peerDependenciesMeta": {
        "@remix-run/react": {
          "optional": true
        },
        "@sveltejs/kit": {
          "optional": true
        },
        "next": {
          "optional": true
        },
        "react": {
          "optional": true
        },
        "svelte": {
          "optional": true
        },
        "vue": {
          "optional": true
        },
        "vue-router": {
          "optional": true
        }
      }
    },
    "node_modules/import": {
      "version": "0.0.6",
      "resolved": "https://registry.npmjs.org/import/-/import-0.0.6.tgz",
      "integrity": "sha512-QPhTdjy9J4wUzmWSG7APkSgMFuPGPw+iJTYUblcfc2AfpqaatbwgCldK1HoLYx+v/+lWvab63GWZtNkcnj9JcQ==",
      "dependencies": {
        "optimist": "0.3.x"
      },
      "bin": {
        "import": "import"
      },
      "engines": {
        "node": ">=0.10.0"
      }
    },
    "node_modules/optimist": {
      "version": "0.3.7",
      "resolved": "https://registry.npmjs.org/optimist/-/optimist-0.3.7.tgz",
      "integrity": "sha512-TCx0dXQzVtSCg2OgY/bO9hjM9cV4XYx09TVK+s3+FhkjT6LovsLe+pPMzpWf+6yXK/hUizs2gUoTw3jHM0VaTQ==",
      "dependencies": {
        "wordwrap": "~0.0.2"
      }
    },
    "node_modules/wordwrap": {
      "version": "0.0.3",
      "resolved": "https://registry.npmjs.org/wordwrap/-/wordwrap-0.0.3.tgz",
      "integrity": "sha512-1tMA907+V4QmxV7dbRvb4/8MaRALK6q9Abid3ndMYnbyo8piisCmeONVqVSXqQA3KaP4SLt5b7ud6E2sqP8TFw==",
      "engines": {
        "node": ">=0.4.0"
      }
    }
  },
  "dependencies": {
    "@vercel/analytics": {
      "version": "1.4.1",
      "resolved": "https://registry.npmjs.org/@vercel/analytics/-/analytics-1.4.1.tgz",
      "integrity": "sha512-ekpL4ReX2TH3LnrRZTUKjHHNpNy9S1I7QmS+g/RQXoSUQ8ienzosuX7T9djZ/s8zPhBx1mpHP/Rw5875N+zQIQ==",
      "requires": {}
    },
    "import": {
      "version": "0.0.6",
      "resolved": "https://registry.npmjs.org/import/-/import-0.0.6.tgz",
      "integrity": "sha512-QPhTdjy9J4wUzmWSG7APkSgMFuPGPw+iJTYUblcfc2AfpqaatbwgCldK1HoLYx+v/+lWvab63GWZtNkcnj9JcQ==",
      "requires": {
        "optimist": "0.3.x"
      }
    },
    "optimist": {
      "version": "0.3.7",
      "resolved": "https://registry.npmjs.org/optimist/-/optimist-0.3.7.tgz",
      "integrity": "sha512-TCx0dXQzVtSCg2OgY/bO9hjM9cV4XYx09TVK+s3+FhkjT6LovsLe+pPMzpWf+6yXK/hUizs2gUoTw3jHM0VaTQ==",
      "requires": {
        "wordwrap": "~0.0.2"
      }
    },
    "wordwrap": {
      "version": "0.0.3",
      "resolved": "https://registry.npmjs.org/wordwrap/-/wordwrap-0.0.3.tgz",
      "integrity": "sha512-1tMA907+V4QmxV7dbRvb4/8MaRALK6q9Abid3ndMYnbyo8piisCmeONVqVSXqQA3KaP4SLt5b7ud6E2sqP8TFw=="
    }
  }
}
